// !$*UTF8*$!
{
	archiveVersion = 1;
	classes = {
	};
	objectVersion = 55;
	objects = {

/* Begin PBXBuildFile section */
		483FDEAA27B54DFA00447F21 /* Github_User_SearchApp.swift in Sources */ = {isa = PBXBuildFile; fileRef = 483FDEA927B54DFA00447F21 /* Github_User_SearchApp.swift */; };
		483FDEAC27B54DFA00447F21 /* ContentView.swift in Sources */ = {isa = PBXBuildFile; fileRef = 483FDEAB27B54DFA00447F21 /* ContentView.swift */; };
		483FDEAE27B54DFC00447F21 /* Assets.xcassets in Resources */ = {isa = PBXBuildFile; fileRef = 483FDEAD27B54DFC00447F21 /* Assets.xcassets */; };
		483FDEB127B54DFC00447F21 /* Preview Assets.xcassets in Resources */ = {isa = PBXBuildFile; fileRef = 483FDEB027B54DFC00447F21 /* Preview Assets.xcassets */; };
		483FDEB827B54E2100447F21 /* ViewModel.swift in Sources */ = {isa = PBXBuildFile; fileRef = 483FDEB727B54E2100447F21 /* ViewModel.swift */; };
		483FDEBA27B54F5500447F21 /* GithubUserSearchDTO.swift in Sources */ = {isa = PBXBuildFile; fileRef = 483FDEB927B54F5500447F21 /* GithubUserSearchDTO.swift */; };
		483FDEBC27B5512600447F21 /* GithubUserInfoDTO.swift in Sources */ = {isa = PBXBuildFile; fileRef = 483FDEBB27B5512600447F21 /* GithubUserInfoDTO.swift */; };
		483FDEBE27B5519400447F21 /* User.swift in Sources */ = {isa = PBXBuildFile; fileRef = 483FDEBD27B5519400447F21 /* User.swift */; };
		483FDEC027B551C900447F21 /* GithubService.swift in Sources */ = {isa = PBXBuildFile; fileRef = 483FDEBF27B551C900447F21 /* GithubService.swift */; };
		483FDEC227B556FD00447F21 /* ResultCell.swift in Sources */ = {isa = PBXBuildFile; fileRef = 483FDEC127B556FD00447F21 /* ResultCell.swift */; };
		48A332F227B570FD008D0044 /* SearchBar.swift in Sources */ = {isa = PBXBuildFile; fileRef = 48A332F127B570FD008D0044 /* SearchBar.swift */; };
		48A332FC27B612AC008D0044 /* GithubQueryBuilder.swift in Sources */ = {isa = PBXBuildFile; fileRef = 48A332FB27B612AC008D0044 /* GithubQueryBuilder.swift */; };
		48A332FF27B61865008D0044 /* Constraints.swift in Sources */ = {isa = PBXBuildFile; fileRef = 48A332FE27B61865008D0044 /* Constraints.swift */; };
		48A3330227B64BC2008D0044 /* Github-User-Search-Info.plist in Resources */ = {isa = PBXBuildFile; fileRef = 48A3330127B64BC2008D0044 /* Github-User-Search-Info.plist */; };
		48A3330627B64F75008D0044 /* SafariView.swift in Sources */ = {isa = PBXBuildFile; fileRef = 48A3330527B64F75008D0044 /* SafariView.swift */; };
/* End PBXBuildFile section */

/* Begin PBXFileReference section */
		483FDEA627B54DFA00447F21 /* Github User Search.app */ = {isa = PBXFileReference; explicitFileType = wrapper.application; includeInIndex = 0; path = "Github User Search.app"; sourceTree = BUILT_PRODUCTS_DIR; };
		483FDEA927B54DFA00447F21 /* Github_User_SearchApp.swift */ = {isa = PBXFileReference; lastKnownFileType = sourcecode.swift; path = Github_User_SearchApp.swift; sourceTree = "<group>"; };
		483FDEAB27B54DFA00447F21 /* ContentView.swift */ = {isa = PBXFileReference; lastKnownFileType = sourcecode.swift; path = ContentView.swift; sourceTree = "<group>"; };
		483FDEAD27B54DFC00447F21 /* Assets.xcassets */ = {isa = PBXFileReference; lastKnownFileType = folder.assetcatalog; path = Assets.xcassets; sourceTree = "<group>"; };
		483FDEB027B54DFC00447F21 /* Preview Assets.xcassets */ = {isa = PBXFileReference; lastKnownFileType = folder.assetcatalog; path = "Preview Assets.xcassets"; sourceTree = "<group>"; };
		483FDEB727B54E2100447F21 /* ViewModel.swift */ = {isa = PBXFileReference; lastKnownFileType = sourcecode.swift; path = ViewModel.swift; sourceTree = "<group>"; };
		483FDEB927B54F5500447F21 /* GithubUserSearchDTO.swift */ = {isa = PBXFileReference; lastKnownFileType = sourcecode.swift; path = GithubUserSearchDTO.swift; sourceTree = "<group>"; };
		483FDEBB27B5512600447F21 /* GithubUserInfoDTO.swift */ = {isa = PBXFileReference; lastKnownFileType = sourcecode.swift; path = GithubUserInfoDTO.swift; sourceTree = "<group>"; };
		483FDEBD27B5519400447F21 /* User.swift */ = {isa = PBXFileReference; lastKnownFileType = sourcecode.swift; path = User.swift; sourceTree = "<group>"; };
		483FDEBF27B551C900447F21 /* GithubService.swift */ = {isa = PBXFileReference; lastKnownFileType = sourcecode.swift; path = GithubService.swift; sourceTree = "<group>"; };
		483FDEC127B556FD00447F21 /* ResultCell.swift */ = {isa = PBXFileReference; lastKnownFileType = sourcecode.swift; path = ResultCell.swift; sourceTree = "<group>"; };
		48A332F127B570FD008D0044 /* SearchBar.swift */ = {isa = PBXFileReference; lastKnownFileType = sourcecode.swift; path = SearchBar.swift; sourceTree = "<group>"; };
		48A332FB27B612AC008D0044 /* GithubQueryBuilder.swift */ = {isa = PBXFileReference; lastKnownFileType = sourcecode.swift; path = GithubQueryBuilder.swift; sourceTree = "<group>"; };
		48A332FD27B61842008D0044 /* Shared.xcconfig */ = {isa = PBXFileReference; lastKnownFileType = text.xcconfig; path = Shared.xcconfig; sourceTree = "<group>"; };
		48A332FE27B61865008D0044 /* Constraints.swift */ = {isa = PBXFileReference; lastKnownFileType = sourcecode.swift; path = Constraints.swift; sourceTree = "<group>"; };
		48A3330127B64BC2008D0044 /* Github-User-Search-Info.plist */ = {isa = PBXFileReference; lastKnownFileType = text.plist; path = "Github-User-Search-Info.plist"; sourceTree = SOURCE_ROOT; };
		48A3330527B64F75008D0044 /* SafariView.swift */ = {isa = PBXFileReference; lastKnownFileType = sourcecode.swift; path = SafariView.swift; sourceTree = "<group>"; };
/* End PBXFileReference section */

/* Begin PBXFrameworksBuildPhase section */
		483FDEA327B54DFA00447F21 /* Frameworks */ = {
			isa = PBXFrameworksBuildPhase;
			buildActionMask = 2147483647;
			files = (
			);
			runOnlyForDeploymentPostprocessing = 0;
		};
/* End PBXFrameworksBuildPhase section */

/* Begin PBXGroup section */
		483FDE9D27B54DFA00447F21 = {
			isa = PBXGroup;
			children = (
				483FDEA827B54DFA00447F21 /* Github User Search */,
				483FDEA727B54DFA00447F21 /* Products */,
			);
			sourceTree = "<group>";
		};
		483FDEA727B54DFA00447F21 /* Products */ = {
			isa = PBXGroup;
			children = (
				483FDEA627B54DFA00447F21 /* Github User Search.app */,
			);
			name = Products;
			sourceTree = "<group>";
		};
		483FDEA827B54DFA00447F21 /* Github User Search */ = {
			isa = PBXGroup;
			children = (
				48A3330127B64BC2008D0044 /* Github-User-Search-Info.plist */,
				483FDEA927B54DFA00447F21 /* Github_User_SearchApp.swift */,
				483FDEAB27B54DFA00447F21 /* ContentView.swift */,
				48A3330527B64F75008D0044 /* SafariView.swift */,
				483FDEB727B54E2100447F21 /* ViewModel.swift */,
				48A332F127B570FD008D0044 /* SearchBar.swift */,
				483FDEC127B556FD00447F21 /* ResultCell.swift */,
				483FDEBF27B551C900447F21 /* GithubService.swift */,
				48A332FB27B612AC008D0044 /* GithubQueryBuilder.swift */,
				483FDEB927B54F5500447F21 /* GithubUserSearchDTO.swift */,
				483FDEBB27B5512600447F21 /* GithubUserInfoDTO.swift */,
				483FDEBD27B5519400447F21 /* User.swift */,
				48A332FE27B61865008D0044 /* Constraints.swift */,
				48A332FD27B61842008D0044 /* Shared.xcconfig */,
				483FDEAD27B54DFC00447F21 /* Assets.xcassets */,
				483FDEAF27B54DFC00447F21 /* Preview Content */,
			);
			path = "Github User Search";
			sourceTree = "<group>";
		};
		483FDEAF27B54DFC00447F21 /* Preview Content */ = {
			isa = PBXGroup;
			children = (
				483FDEB027B54DFC00447F21 /* Preview Assets.xcassets */,
			);
			path = "Preview Content";
			sourceTree = "<group>";
		};
/* End PBXGroup section */

/* Begin PBXNativeTarget section */
		483FDEA527B54DFA00447F21 /* Github User Search */ = {
			isa = PBXNativeTarget;
			buildConfigurationList = 483FDEB427B54DFC00447F21 /* Build configuration list for PBXNativeTarget "Github User Search" */;
			buildPhases = (
				483FDEA227B54DFA00447F21 /* Sources */,
				483FDEA327B54DFA00447F21 /* Frameworks */,
				483FDEA427B54DFA00447F21 /* Resources */,
			);
			buildRules = (
			);
			dependencies = (
			);
			name = "Github User Search";
			productName = "Github User Search";
			productReference = 483FDEA627B54DFA00447F21 /* Github User Search.app */;
			productType = "com.apple.product-type.application";
		};
/* End PBXNativeTarget section */

/* Begin PBXProject section */
		483FDE9E27B54DFA00447F21 /* Project object */ = {
			isa = PBXProject;
			attributes = {
				BuildIndependentTargetsInParallel = 1;
				LastSwiftUpdateCheck = 1320;
				LastUpgradeCheck = 1320;
				TargetAttributes = {
					483FDEA527B54DFA00447F21 = {
						CreatedOnToolsVersion = 13.2.1;
					};
				};
			};
			buildConfigurationList = 483FDEA127B54DFA00447F21 /* Build configuration list for PBXProject "Github User Search" */;
			compatibilityVersion = "Xcode 13.0";
			developmentRegion = en;
			hasScannedForEncodings = 0;
			knownRegions = (
				en,
				Base,
			);
			mainGroup = 483FDE9D27B54DFA00447F21;
			productRefGroup = 483FDEA727B54DFA00447F21 /* Products */;
			projectDirPath = "";
			projectRoot = "";
			targets = (
				483FDEA527B54DFA00447F21 /* Github User Search */,
			);
		};
/* End PBXProject section */

/* Begin PBXResourcesBuildPhase section */
		483FDEA427B54DFA00447F21 /* Resources */ = {
			isa = PBXResourcesBuildPhase;
			buildActionMask = 2147483647;
			files = (
				483FDEB127B54DFC00447F21 /* Preview Assets.xcassets in Resources */,
				48A3330227B64BC2008D0044 /* Github-User-Search-Info.plist in Resources */,
				483FDEAE27B54DFC00447F21 /* Assets.xcassets in Resources */,
			);
			runOnlyForDeploymentPostprocessing = 0;
		};
/* End PBXResourcesBuildPhase section */

/* Begin PBXSourcesBuildPhase section */
		483FDEA227B54DFA00447F21 /* Sources */ = {
			isa = PBXSourcesBuildPhase;
			buildActionMask = 2147483647;
			files = (
				483FDEBA27B54F5500447F21 /* GithubUserSearchDTO.swift in Sources */,
				483FDEAC27B54DFA00447F21 /* ContentView.swift in Sources */,
				483FDEC227B556FD00447F21 /* ResultCell.swift in Sources */,
				483FDEBE27B5519400447F21 /* User.swift in Sources */,
				48A3330627B64F75008D0044 /* SafariView.swift in Sources */,
				48A332FF27B61865008D0044 /* Constraints.swift in Sources */,
				483FDEC027B551C900447F21 /* GithubService.swift in Sources */,
				48A332F227B570FD008D0044 /* SearchBar.swift in Sources */,
				483FDEB827B54E2100447F21 /* ViewModel.swift in Sources */,
				483FDEAA27B54DFA00447F21 /* Github_User_SearchApp.swift in Sources */,
				483FDEBC27B5512600447F21 /* GithubUserInfoDTO.swift in Sources */,
				48A332FC27B612AC008D0044 /* GithubQueryBuilder.swift in Sources */,
			);
			runOnlyForDeploymentPostprocessing = 0;
		};
/* End PBXSourcesBuildPhase section */

/* Begin XCBuildConfiguration section */
		483FDEB227B54DFC00447F21 /* Debug */ = {
			isa = XCBuildConfiguration;
			baseConfigurationReference = 48A332FD27B61842008D0044 /* Shared.xcconfig */;
			buildSettings = {
				ALWAYS_SEARCH_USER_PATHS = NO;
				CLANG_ANALYZER_NONNULL = YES;
				CLANG_ANALYZER_NUMBER_OBJECT_CONVERSION = YES_AGGRESSIVE;
				CLANG_CXX_LANGUAGE_STANDARD = "gnu++17";
				CLANG_CXX_LIBRARY = "libc++";
				CLANG_ENABLE_MODULES = YES;
				CLANG_ENABLE_OBJC_ARC = YES;
				CLANG_ENABLE_OBJC_WEAK = YES;
				CLANG_WARN_BLOCK_CAPTURE_AUTORELEASING = YES;
				CLANG_WARN_BOOL_CONVERSION = YES;
				CLANG_WARN_COMMA = YES;
				CLANG_WARN_CONSTANT_CONVERSION = YES;
				CLANG_WARN_DEPRECATED_OBJC_IMPLEMENTATIONS = YES;
				CLANG_WARN_DIRECT_OBJC_ISA_USAGE = YES_ERROR;
				CLANG_WARN_DOCUMENTATION_COMMENTS = YES;
				CLANG_WARN_EMPTY_BODY = YES;
				CLANG_WARN_ENUM_CONVERSION = YES;
				CLANG_WARN_INFINITE_RECURSION = YES;
				CLANG_WARN_INT_CONVERSION = YES;
				CLANG_WARN_NON_LITERAL_NULL_CONVERSION = YES;
				CLANG_WARN_OBJC_IMPLICIT_RETAIN_SELF = YES;
				CLANG_WARN_OBJC_LITERAL_CONVERSION = YES;
				CLANG_WARN_OBJC_ROOT_CLASS = YES_ERROR;
				CLANG_WARN_QUOTED_INCLUDE_IN_FRAMEWORK_HEADER = YES;
				CLANG_WARN_RANGE_LOOP_ANALYSIS = YES;
				CLANG_WARN_STRICT_PROTOTYPES = YES;
				CLANG_WARN_SUSPICIOUS_MOVE = YES;
				CLANG_WARN_UNGUARDED_AVAILABILITY = YES_AGGRESSIVE;
				CLANG_WARN_UNREACHABLE_CODE = YES;
				CLANG_WARN__DUPLICATE_METHOD_MATCH = YES;
				COPY_PHASE_STRIP = NO;
				DEBUG_INFORMATION_FORMAT = dwarf;
				ENABLE_STRICT_OBJC_MSGSEND = YES;
				ENABLE_TESTABILITY = YES;
				GCC_C_LANGUAGE_STANDARD = gnu11;
				GCC_DYNAMIC_NO_PIC = NO;
				GCC_NO_COMMON_BLOCKS = YES;
				GCC_OPTIMIZATION_LEVEL = 0;
				GCC_PREPROCESSOR_DEFINITIONS = (
					"DEBUG=1",
					"$(inherited)",
				);
				GCC_WARN_64_TO_32_BIT_CONVERSION = YES;
				GCC_WARN_ABOUT_RETURN_TYPE = YES_ERROR;
				GCC_WARN_UNDECLARED_SELECTOR = YES;
				GCC_WARN_UNINITIALIZED_AUTOS = YES_AGGRESSIVE;
				GCC_WARN_UNUSED_FUNCTION = YES;
				GCC_WARN_UNUSED_VARIABLE = YES;
				IPHONEOS_DEPLOYMENT_TARGET = 15.2;
				MTL_ENABLE_DEBUG_INFO = INCLUDE_SOURCE;
				MTL_FAST_MATH = YES;
				ONLY_ACTIVE_ARCH = YES;
				SDKROOT = iphoneos;
				SWIFT_ACTIVE_COMPILATION_CONDITIONS = DEBUG;
				SWIFT_OPTIMIZATION_LEVEL = "-Onone";
			};
			name = Debug;
		};
		483FDEB327B54DFC00447F21 /* Release */ = {
			isa = XCBuildConfiguration;
			baseConfigurationReference = 48A332FD27B61842008D0044 /* Shared.xcconfig */;
			buildSettings = {
				ALWAYS_SEARCH_USER_PATHS = NO;
				CLANG_ANALYZER_NONNULL = YES;
				CLANG_ANALYZER_NUMBER_OBJECT_CONVERSION = YES_AGGRESSIVE;
				CLANG_CXX_LANGUAGE_STANDARD = "gnu++17";
				CLANG_CXX_LIBRARY = "libc++";
				CLANG_ENABLE_MODULES = YES;
				CLANG_ENABLE_OBJC_ARC = YES;
				CLANG_ENABLE_OBJC_WEAK = YES;
				CLANG_WARN_BLOCK_CAPTURE_AUTORELEASING = YES;
				CLANG_WARN_BOOL_CONVERSION = YES;
				CLANG_WARN_COMMA = YES;
				CLANG_WARN_CONSTANT_CONVERSION = YES;
				CLANG_WARN_DEPRECATED_OBJC_IMPLEMENTATIONS = YES;
				CLANG_WARN_DIRECT_OBJC_ISA_USAGE = YES_ERROR;
				CLANG_WARN_DOCUMENTATION_COMMENTS = YES;
				CLANG_WARN_EMPTY_BODY = YES;
				CLANG_WARN_ENUM_CONVERSION = YES;
				CLANG_WARN_INFINITE_RECURSION = YES;
				CLANG_WARN_INT_CONVERSION = YES;
				CLANG_WARN_NON_LITERAL_NULL_CONVERSION = YES;
				CLANG_WARN_OBJC_IMPLICIT_RETAIN_SELF = YES;
				CLANG_WARN_OBJC_LITERAL_CONVERSION = YES;
				CLANG_WARN_OBJC_ROOT_CLASS = YES_ERROR;
				CLANG_WARN_QUOTED_INCLUDE_IN_FRAMEWORK_HEADER = YES;
				CLANG_WARN_RANGE_LOOP_ANALYSIS = YES;
				CLANG_WARN_STRICT_PROTOTYPES = YES;
				CLANG_WARN_SUSPICIOUS_MOVE = YES;
				CLANG_WARN_UNGUARDED_AVAILABILITY = YES_AGGRESSIVE;
				CLANG_WARN_UNREACHABLE_CODE = YES;
				CLANG_WARN__DUPLICATE_METHOD_MATCH = YES;
				COPY_PHASE_STRIP = NO;
				DEBUG_INFORMATION_FORMAT = "dwarf-with-dsym";
				ENABLE_NS_ASSERTIONS = NO;
				ENABLE_STRICT_OBJC_MSGSEND = YES;
				GCC_C_LANGUAGE_STANDARD = gnu11;
				GCC_NO_COMMON_BLOCKS = YES;
				GCC_WARN_64_TO_32_BIT_CONVERSION = YES;
				GCC_WARN_ABOUT_RETURN_TYPE = YES_ERROR;
				GCC_WARN_UNDECLARED_SELECTOR = YES;
				GCC_WARN_UNINITIALIZED_AUTOS = YES_AGGRESSIVE;
				GCC_WARN_UNUSED_FUNCTION = YES;
				GCC_WARN_UNUSED_VARIABLE = YES;
				IPHONEOS_DEPLOYMENT_TARGET = 15.2;
				MTL_ENABLE_DEBUG_INFO = NO;
				MTL_FAST_MATH = YES;
				SDKROOT = iphoneos;
				SWIFT_COMPILATION_MODE = wholemodule;
				SWIFT_OPTIMIZATION_LEVEL = "-O";
				VALIDATE_PRODUCT = YES;
			};
			name = Release;
		};
		483FDEB527B54DFC00447F21 /* Debug */ = {
			isa = XCBuildConfiguration;
			buildSettings = {
				ASSETCATALOG_COMPILER_APPICON_NAME = AppIcon;
				ASSETCATALOG_COMPILER_GLOBAL_ACCENT_COLOR_NAME = AccentColor;
				CODE_SIGN_STYLE = Automatic;
				CURRENT_PROJECT_VERSION = 1;
				DEVELOPMENT_ASSET_PATHS = "\"Github User Search/Preview Content\"";
				ENABLE_PREVIEWS = YES;
				GENERATE_INFOPLIST_FILE = YES;
				INFOPLIST_FILE = "Github-User-Search-Info.plist";
				INFOPLIST_KEY_UIApplicationSceneManifest_Generation = YES;
				INFOPLIST_KEY_UIApplicationSupportsIndirectInputEvents = YES;
				INFOPLIST_KEY_UILaunchScreen_Generation = YES;
				INFOPLIST_KEY_UISupportedInterfaceOrientations_iPad = "UIInterfaceOrientationPortrait UIInterfaceOrientationPortraitUpsideDown UIInterfaceOrientationLandscapeLeft UIInterfaceOrientationLandscapeRight";
				INFOPLIST_KEY_UISupportedInterfaceOrientations_iPhone = "UIInterfaceOrientationPortrait UIInterfaceOrientationLandscapeLeft UIInterfaceOrientationLandscapeRight";
				LD_RUNPATH_SEARCH_PATHS = (
					"$(inherited)",
					"@executable_path/Frameworks",
				);
				MARKETING_VERSION = 1.0;
				PRODUCT_BUNDLE_IDENTIFIER = "songjk.dev.Github-User-Search";
				PRODUCT_NAME = "$(TARGET_NAME)";
				SWIFT_EMIT_LOC_STRINGS = YES;
				SWIFT_VERSION = 5.0;
				TARGETED_DEVICE_FAMILY = "1,2";
			};
			name = Debug;
		};
		483FDEB627B54DFC00447F21 /* Release */ = {
			isa = XCBuildConfiguration;
			buildSettings = {
				ASSETCATALOG_COMPILER_APPICON_NAME = AppIcon;
				ASSETCATALOG_COMPILER_GLOBAL_ACCENT_COLOR_NAME = AccentColor;
				CODE_SIGN_STYLE = Automatic;
				CURRENT_PROJECT_VERSION = 1;
				DEVELOPMENT_ASSET_PATHS = "\"Github User Search/Preview Content\"";
				ENABLE_PREVIEWS = YES;
				GENERATE_INFOPLIST_FILE = YES;
				INFOPLIST_FILE = "Github-User-Search-Info.plist";
				INFOPLIST_KEY_UIApplicationSceneManifest_Generation = YES;
				INFOPLIST_KEY_UIApplicationSupportsIndirectInputEvents = YES;
				INFOPLIST_KEY_UILaunchScreen_Generation = YES;
				INFOPLIST_KEY_UISupportedInterfaceOrientations_iPad = "UIInterfaceOrientationPortrait UIInterfaceOrientationPortraitUpsideDown UIInterfaceOrientationLandscapeLeft UIInterfaceOrientationLandscapeRight";
				INFOPLIST_KEY_UISupportedInterfaceOrientations_iPhone = "UIInterfaceOrientationPortrait UIInterfaceOrientationLandscapeLeft UIInterfaceOrientationLandscapeRight";
				LD_RUNPATH_SEARCH_PATHS = (
					"$(inherited)",
					"@executable_path/Frameworks",
				);
				MARKETING_VERSION = 1.0;
				PRODUCT_BUNDLE_IDENTIFIER = "songjk.dev.Github-User-Search";
				PRODUCT_NAME = "$(TARGET_NAME)";
				SWIFT_EMIT_LOC_STRINGS = YES;
				SWIFT_VERSION = 5.0;
				TARGETED_DEVICE_FAMILY = "1,2";
			};
			name = Release;
		};
/* End XCBuildConfiguration section */

/* Begin XCConfigurationList section */
		483FDEA127B54DFA00447F21 /* Build configuration list for PBXProject "Github User Search" */ = {
			isa = XCConfigurationList;
			buildConfigurations = (
				483FDEB227B54DFC00447F21 /* Debug */,
				483FDEB327B54DFC00447F21 /* Release */,
			);
			defaultConfigurationIsVisible = 0;
			defaultConfigurationName = Release;
		};
		483FDEB427B54DFC00447F21 /* Build configuration list for PBXNativeTarget "Github User Search" */ = {
			isa = XCConfigurationList;
			buildConfigurations = (
				483FDEB527B54DFC00447F21 /* Debug */,
				483FDEB627B54DFC00447F21 /* Release */,
			);
			defaultConfigurationIsVisible = 0;
			defaultConfigurationName = Release;
		};
/* End XCConfigurationList section */
	};
	rootObject = 483FDE9E27B54DFA00447F21 /* Project object */;
}
